
Microsoft Visual Studio Solution File, Format Version 12.00
# Visual Studio 15
VisualStudioVersion = 15.0.28307.705
MinimumVisualStudioVersion = 10.0.40219.1
Project("{FAE04EC0-301F-11D3-BF4B-00C04F79EFBC}") = "SBCloudAFM_FE", "SBCloudAFM_FE\SBCloudAFM_FE.csproj", "{03895383-005D-45AE-9B74-795640ADC19E}"
EndProject
Global
	GlobalSection(SolutionConfigurationPlatforms) = preSolution
		Debug|Any CPU = Debug|Any CPU
		Release|Any CPU = Release|Any CPU
	EndGlobalSection
	GlobalSection(ProjectConfigurationPlatforms) = postSolution
		{03895383-005D-45AE-9B74-795640ADC19E}.Debug|Any CPU.ActiveCfg = Debug|Any CPU
		{03895383-005D-45AE-9B74-795640ADC19E}.Debug|Any CPU.Build.0 = Debug|Any CPU
		{03895383-005D-45AE-9B74-795640ADC19E}.Release|Any CPU.ActiveCfg = Release|Any CPU
		{03895383-005D-45AE-9B74-795640ADC19E}.Release|Any CPU.Build.0 = Release|Any CPU
	EndGlobalSection
	GlobalSection(SolutionProperties) = preSolution
		HideSolutionNode = FALSE
	EndGlobalSection
	GlobalSection(ExtensibilityGlobals) = postSolution
		SolutionGuid = {3D9C543C-06B6-4AA6-AFE0-3F8E17DE2C24}
	EndGlobalSection
EndGlobal
